
Microsoft Visual Studio Solution File, Format Version 12.00
# Visual Studio Version 17
VisualStudioVersion = 17.10.35027.167
MinimumVisualStudioVersion = 10.0.40219.1
Project("{9A19103F-16F7-4668-BE54-9A1E7A4F7556}") = "CapaUsuario", "CapaUsuario\CapaUsuario.csproj", "{AD896308-D70F-457A-AE96-6A65AB2FFCB7}"
EndProject
Project("{9A19103F-16F7-4668-BE54-9A1E7A4F7556}") = "CapaDatos", "CapaDatos\CapaDatos.csproj", "{0FE11690-17EC-4D83-B32A-5CA1B81DD82E}"
EndProject
Project("{9A19103F-16F7-4668-BE54-9A1E7A4F7556}") = "CapaNegocio", "CapaNegocio\CapaNegocio.csproj", "{F061D266-7D9E-46AF-814F-32397D8398C8}"
EndProject
Project("{FAE04EC0-301F-11D3-BF4B-00C04F79EFBC}") = "CapaEntidades", "CapaEntidades\CapaEntidades.csproj", "{96FF17B8-24FE-439F-96D6-6AB5E108536F}"
EndProject
Global
	GlobalSection(SolutionConfigurationPlatforms) = preSolution
		Debug|Any CPU = Debug|Any CPU
		Release|Any CPU = Release|Any CPU
	EndGlobalSection
	GlobalSection(ProjectConfigurationPlatforms) = postSolution
		{AD896308-D70F-457A-AE96-6A65AB2FFCB7}.Debug|Any CPU.ActiveCfg = Debug|Any CPU
		{AD896308-D70F-457A-AE96-6A65AB2FFCB7}.Debug|Any CPU.Build.0 = Debug|Any CPU
		{AD896308-D70F-457A-AE96-6A65AB2FFCB7}.Release|Any CPU.ActiveCfg = Release|Any CPU
		{AD896308-D70F-457A-AE96-6A65AB2FFCB7}.Release|Any CPU.Build.0 = Release|Any CPU
		{0FE11690-17EC-4D83-B32A-5CA1B81DD82E}.Debug|Any CPU.ActiveCfg = Debug|Any CPU
		{0FE11690-17EC-4D83-B32A-5CA1B81DD82E}.Debug|Any CPU.Build.0 = Debug|Any CPU
		{0FE11690-17EC-4D83-B32A-5CA1B81DD82E}.Release|Any CPU.ActiveCfg = Release|Any CPU
		{0FE11690-17EC-4D83-B32A-5CA1B81DD82E}.Release|Any CPU.Build.0 = Release|Any CPU
		{F061D266-7D9E-46AF-814F-32397D8398C8}.Debug|Any CPU.ActiveCfg = Debug|Any CPU
		{F061D266-7D9E-46AF-814F-32397D8398C8}.Debug|Any CPU.Build.0 = Debug|Any CPU
		{F061D266-7D9E-46AF-814F-32397D8398C8}.Release|Any CPU.ActiveCfg = Release|Any CPU
		{F061D266-7D9E-46AF-814F-32397D8398C8}.Release|Any CPU.Build.0 = Release|Any CPU
		{96FF17B8-24FE-439F-96D6-6AB5E108536F}.Debug|Any CPU.ActiveCfg = Debug|Any CPU
		{96FF17B8-24FE-439F-96D6-6AB5E108536F}.Debug|Any CPU.Build.0 = Debug|Any CPU
		{96FF17B8-24FE-439F-96D6-6AB5E108536F}.Release|Any CPU.ActiveCfg = Release|Any CPU
		{96FF17B8-24FE-439F-96D6-6AB5E108536F}.Release|Any CPU.Build.0 = Release|Any CPU
	EndGlobalSection
	GlobalSection(SolutionProperties) = preSolution
		HideSolutionNode = FALSE
	EndGlobalSection
	GlobalSection(ExtensibilityGlobals) = postSolution
		SolutionGuid = {84D40A29-16B6-4B3B-91BC-CE60FA19E21D}
	EndGlobalSection
EndGlobal
